// !$*UTF8*$!
{
	archiveVersion = 1;
	classes = {
	};
	objectVersion = 60;
	objects = {

/* Begin PBXBuildFile section */
		AB12DECC2C01A1D300ABFD09 /* UIKit+.swift in Sources */ = {isa = PBXBuildFile; fileRef = AB12DECB2C01A1D300ABFD09 /* UIKit+.swift */; };
		AB9D22222BFBC8C0009727EA /* AppDelegate.swift in Sources */ = {isa = PBXBuildFile; fileRef = AB9D22212BFBC8C0009727EA /* AppDelegate.swift */; };
		AB9D22242BFBC8C0009727EA /* SceneDelegate.swift in Sources */ = {isa = PBXBuildFile; fileRef = AB9D22232BFBC8C0009727EA /* SceneDelegate.swift */; };
		AB9D22262BFBC8C0009727EA /* SampleViewController.swift in Sources */ = {isa = PBXBuildFile; fileRef = AB9D22252BFBC8C0009727EA /* SampleViewController.swift */; };
		AB9D222B2BFBC8C1009727EA /* Assets.xcassets in Resources */ = {isa = PBXBuildFile; fileRef = AB9D222A2BFBC8C1009727EA /* Assets.xcassets */; };
		AB9D222E2BFBC8C1009727EA /* LaunchScreen.storyboard in Resources */ = {isa = PBXBuildFile; fileRef = AB9D222C2BFBC8C1009727EA /* LaunchScreen.storyboard */; };
		AB9D22372BFBC907009727EA /* PhotoOrganizer in Frameworks */ = {isa = PBXBuildFile; productRef = AB9D22362BFBC907009727EA /* PhotoOrganizer */; };
		AB9D223B2BFBC99E009727EA /* SampleViewModel.swift in Sources */ = {isa = PBXBuildFile; fileRef = AB9D223A2BFBC99E009727EA /* SampleViewModel.swift */; };
		AB9D223E2BFCBDF1009727EA /* DownpourRx in Frameworks */ = {isa = PBXBuildFile; productRef = AB9D223D2BFCBDF1009727EA /* DownpourRx */; };
		AB9D22412BFCCA7B009727EA /* SnapKit in Frameworks */ = {isa = PBXBuildFile; productRef = AB9D22402BFCCA7B009727EA /* SnapKit */; };
		AB9D22502BFCD58A009727EA /* CoreMLModels in Resources */ = {isa = PBXBuildFile; fileRef = AB9D224F2BFCD58A009727EA /* CoreMLModels */; };
		AB9D22552BFF4810009727EA /* SafeOrganizedPhotosChunk.swift in Sources */ = {isa = PBXBuildFile; fileRef = AB9D22542BFF4810009727EA /* SafeOrganizedPhotosChunk.swift */; };
		AB9D22582BFF577B009727EA /* CategorizedImageCell.swift in Sources */ = {isa = PBXBuildFile; fileRef = AB9D22572BFF577B009727EA /* CategorizedImageCell.swift */; };
/* End PBXBuildFile section */

/* Begin PBXFileReference section */
		AB12DECB2C01A1D300ABFD09 /* UIKit+.swift */ = {isa = PBXFileReference; lastKnownFileType = sourcecode.swift; path = "UIKit+.swift"; sourceTree = "<group>"; };
		AB9D221E2BFBC8C0009727EA /* PhotoOrganizerSampleApp.app */ = {isa = PBXFileReference; explicitFileType = wrapper.application; includeInIndex = 0; path = PhotoOrganizerSampleApp.app; sourceTree = BUILT_PRODUCTS_DIR; };
		AB9D22212BFBC8C0009727EA /* AppDelegate.swift */ = {isa = PBXFileReference; lastKnownFileType = sourcecode.swift; path = AppDelegate.swift; sourceTree = "<group>"; };
		AB9D22232BFBC8C0009727EA /* SceneDelegate.swift */ = {isa = PBXFileReference; lastKnownFileType = sourcecode.swift; path = SceneDelegate.swift; sourceTree = "<group>"; };
		AB9D22252BFBC8C0009727EA /* SampleViewController.swift */ = {isa = PBXFileReference; lastKnownFileType = sourcecode.swift; path = SampleViewController.swift; sourceTree = "<group>"; };
		AB9D222A2BFBC8C1009727EA /* Assets.xcassets */ = {isa = PBXFileReference; lastKnownFileType = folder.assetcatalog; path = Assets.xcassets; sourceTree = "<group>"; };
		AB9D222D2BFBC8C1009727EA /* Base */ = {isa = PBXFileReference; lastKnownFileType = file.storyboard; name = Base; path = Base.lproj/LaunchScreen.storyboard; sourceTree = "<group>"; };
		AB9D222F2BFBC8C1009727EA /* Info.plist */ = {isa = PBXFileReference; lastKnownFileType = text.plist.xml; path = Info.plist; sourceTree = "<group>"; };
		AB9D223A2BFBC99E009727EA /* SampleViewModel.swift */ = {isa = PBXFileReference; lastKnownFileType = sourcecode.swift; path = SampleViewModel.swift; sourceTree = "<group>"; };
		AB9D224F2BFCD58A009727EA /* CoreMLModels */ = {isa = PBXFileReference; lastKnownFileType = folder; path = CoreMLModels; sourceTree = "<group>"; };
		AB9D22542BFF4810009727EA /* SafeOrganizedPhotosChunk.swift */ = {isa = PBXFileReference; lastKnownFileType = sourcecode.swift; path = SafeOrganizedPhotosChunk.swift; sourceTree = "<group>"; };
		AB9D22572BFF577B009727EA /* CategorizedImageCell.swift */ = {isa = PBXFileReference; lastKnownFileType = sourcecode.swift; path = CategorizedImageCell.swift; sourceTree = "<group>"; };
/* End PBXFileReference section */

/* Begin PBXFrameworksBuildPhase section */
		AB9D221B2BFBC8C0009727EA /* Frameworks */ = {
			isa = PBXFrameworksBuildPhase;
			buildActionMask = 2147483647;
			files = (
				AB9D22412BFCCA7B009727EA /* SnapKit in Frameworks */,
				AB9D223E2BFCBDF1009727EA /* DownpourRx in Frameworks */,
				AB9D22372BFBC907009727EA /* PhotoOrganizer in Frameworks */,
			);
			runOnlyForDeploymentPostprocessing = 0;
		};
/* End PBXFrameworksBuildPhase section */

/* Begin PBXGroup section */
		AB12DECA2C01A1C800ABFD09 /* Global */ = {
			isa = PBXGroup;
			children = (
				AB12DECB2C01A1D300ABFD09 /* UIKit+.swift */,
			);
			path = Global;
			sourceTree = "<group>";
		};
		AB9D22152BFBC8C0009727EA = {
			isa = PBXGroup;
			children = (
				AB9D22202BFBC8C0009727EA /* PhotoOrganizerSampleApp */,
				AB9D221F2BFBC8C0009727EA /* Products */,
			);
			sourceTree = "<group>";
		};
		AB9D221F2BFBC8C0009727EA /* Products */ = {
			isa = PBXGroup;
			children = (
				AB9D221E2BFBC8C0009727EA /* PhotoOrganizerSampleApp.app */,
			);
			name = Products;
			sourceTree = "<group>";
		};
		AB9D22202BFBC8C0009727EA /* PhotoOrganizerSampleApp */ = {
			isa = PBXGroup;
			children = (
				AB12DECA2C01A1C800ABFD09 /* Global */,
				AB9D224F2BFCD58A009727EA /* CoreMLModels */,
				AB9D22382BFBC923009727EA /* App */,
				AB9D22392BFBC92C009727EA /* SampleView */,
				AB9D222A2BFBC8C1009727EA /* Assets.xcassets */,
				AB9D222C2BFBC8C1009727EA /* LaunchScreen.storyboard */,
				AB9D222F2BFBC8C1009727EA /* Info.plist */,
			);
			path = PhotoOrganizerSampleApp;
			sourceTree = "<group>";
		};
		AB9D22382BFBC923009727EA /* App */ = {
			isa = PBXGroup;
			children = (
				AB9D22212BFBC8C0009727EA /* AppDelegate.swift */,
				AB9D22232BFBC8C0009727EA /* SceneDelegate.swift */,
			);
			path = App;
			sourceTree = "<group>";
		};
		AB9D22392BFBC92C009727EA /* SampleView */ = {
			isa = PBXGroup;
			children = (
				AB9D22512BFF2EC6009727EA /* Models */,
				AB9D223A2BFBC99E009727EA /* SampleViewModel.swift */,
				AB9D22252BFBC8C0009727EA /* SampleViewController.swift */,
				AB9D22562BFF5764009727EA /* Views */,
			);
			path = SampleView;
			sourceTree = "<group>";
		};
		AB9D22512BFF2EC6009727EA /* Models */ = {
			isa = PBXGroup;
			children = (
				AB9D22532BFF47FB009727EA /* OrganizedPhotosManager */,
			);
			path = Models;
			sourceTree = "<group>";
		};
		AB9D22532BFF47FB009727EA /* OrganizedPhotosManager */ = {
			isa = PBXGroup;
			children = (
				AB9D22542BFF4810009727EA /* SafeOrganizedPhotosChunk.swift */,
			);
			path = OrganizedPhotosManager;
			sourceTree = "<group>";
		};
		AB9D22562BFF5764009727EA /* Views */ = {
			isa = PBXGroup;
			children = (
				AB9D22572BFF577B009727EA /* CategorizedImageCell.swift */,
			);
			path = Views;
			sourceTree = "<group>";
		};
/* End PBXGroup section */

/* Begin PBXNativeTarget section */
		AB9D221D2BFBC8C0009727EA /* PhotoOrganizerSampleApp */ = {
			isa = PBXNativeTarget;
			buildConfigurationList = AB9D22322BFBC8C1009727EA /* Build configuration list for PBXNativeTarget "PhotoOrganizerSampleApp" */;
			buildPhases = (
				AB9D221A2BFBC8C0009727EA /* Sources */,
				AB9D221B2BFBC8C0009727EA /* Frameworks */,
				AB9D221C2BFBC8C0009727EA /* Resources */,
			);
			buildRules = (
			);
			dependencies = (
			);
			name = PhotoOrganizerSampleApp;
			packageProductDependencies = (
				AB9D22362BFBC907009727EA /* PhotoOrganizer */,
				AB9D223D2BFCBDF1009727EA /* DownpourRx */,
				AB9D22402BFCCA7B009727EA /* SnapKit */,
			);
			productName = PhotoOrganizerSampleApp;
			productReference = AB9D221E2BFBC8C0009727EA /* PhotoOrganizerSampleApp.app */;
			productType = "com.apple.product-type.application";
		};
/* End PBXNativeTarget section */

/* Begin PBXProject section */
		AB9D22162BFBC8C0009727EA /* Project object */ = {
			isa = PBXProject;
			attributes = {
				BuildIndependentTargetsInParallel = 1;
				LastSwiftUpdateCheck = 1520;
				LastUpgradeCheck = 1520;
				TargetAttributes = {
					AB9D221D2BFBC8C0009727EA = {
						CreatedOnToolsVersion = 15.2;
					};
				};
			};
			buildConfigurationList = AB9D22192BFBC8C0009727EA /* Build configuration list for PBXProject "PhotoOrganizerSampleApp" */;
			compatibilityVersion = "Xcode 14.0";
			developmentRegion = en;
			hasScannedForEncodings = 0;
			knownRegions = (
				en,
				Base,
			);
			mainGroup = AB9D22152BFBC8C0009727EA;
			packageReferences = (
				AB9D22352BFBC907009727EA /* XCLocalSwiftPackageReference "../../PhotoOrganizer_iOS" */,
				AB9D223C2BFCBDF1009727EA /* XCRemoteSwiftPackageReference "DownpourRx" */,
				AB9D223F2BFCCA7B009727EA /* XCRemoteSwiftPackageReference "SnapKit" */,
			);
			productRefGroup = AB9D221F2BFBC8C0009727EA /* Products */;
			projectDirPath = "";
			projectRoot = "";
			targets = (
				AB9D221D2BFBC8C0009727EA /* PhotoOrganizerSampleApp */,
			);
		};
/* End PBXProject section */

/* Begin PBXResourcesBuildPhase section */
		AB9D221C2BFBC8C0009727EA /* Resources */ = {
			isa = PBXResourcesBuildPhase;
			buildActionMask = 2147483647;
			files = (
				AB9D22502BFCD58A009727EA /* CoreMLModels in Resources */,
				AB9D222E2BFBC8C1009727EA /* LaunchScreen.storyboard in Resources */,
				AB9D222B2BFBC8C1009727EA /* Assets.xcassets in Resources */,
			);
			runOnlyForDeploymentPostprocessing = 0;
		};
/* End PBXResourcesBuildPhase section */

/* Begin PBXSourcesBuildPhase section */
		AB9D221A2BFBC8C0009727EA /* Sources */ = {
			isa = PBXSourcesBuildPhase;
			buildActionMask = 2147483647;
			files = (
				AB9D22262BFBC8C0009727EA /* SampleViewController.swift in Sources */,
				AB12DECC2C01A1D300ABFD09 /* UIKit+.swift in Sources */,
				AB9D22582BFF577B009727EA /* CategorizedImageCell.swift in Sources */,
				AB9D22552BFF4810009727EA /* SafeOrganizedPhotosChunk.swift in Sources */,
				AB9D22222BFBC8C0009727EA /* AppDelegate.swift in Sources */,
				AB9D223B2BFBC99E009727EA /* SampleViewModel.swift in Sources */,
				AB9D22242BFBC8C0009727EA /* SceneDelegate.swift in Sources */,
			);
			runOnlyForDeploymentPostprocessing = 0;
		};
/* End PBXSourcesBuildPhase section */

/* Begin PBXVariantGroup section */
		AB9D222C2BFBC8C1009727EA /* LaunchScreen.storyboard */ = {
			isa = PBXVariantGroup;
			children = (
				AB9D222D2BFBC8C1009727EA /* Base */,
			);
			name = LaunchScreen.storyboard;
			sourceTree = "<group>";
		};
/* End PBXVariantGroup section */

/* Begin XCBuildConfiguration section */
		AB9D22302BFBC8C1009727EA /* Debug */ = {
			isa = XCBuildConfiguration;
			buildSettings = {
				ALWAYS_SEARCH_USER_PATHS = NO;
				ASSETCATALOG_COMPILER_GENERATE_SWIFT_ASSET_SYMBOL_EXTENSIONS = YES;
				CLANG_ANALYZER_NONNULL = YES;
				CLANG_ANALYZER_NUMBER_OBJECT_CONVERSION = YES_AGGRESSIVE;
				CLANG_CXX_LANGUAGE_STANDARD = "gnu++20";
				CLANG_ENABLE_MODULES = YES;
				CLANG_ENABLE_OBJC_ARC = YES;
				CLANG_ENABLE_OBJC_WEAK = YES;
				CLANG_WARN_BLOCK_CAPTURE_AUTORELEASING = YES;
				CLANG_WARN_BOOL_CONVERSION = YES;
				CLANG_WARN_COMMA = YES;
				CLANG_WARN_CONSTANT_CONVERSION = YES;
				CLANG_WARN_DEPRECATED_OBJC_IMPLEMENTATIONS = YES;
				CLANG_WARN_DIRECT_OBJC_ISA_USAGE = YES_ERROR;
				CLANG_WARN_DOCUMENTATION_COMMENTS = YES;
				CLANG_WARN_EMPTY_BODY = YES;
				CLANG_WARN_ENUM_CONVERSION = YES;
				CLANG_WARN_INFINITE_RECURSION = YES;
				CLANG_WARN_INT_CONVERSION = YES;
				CLANG_WARN_NON_LITERAL_NULL_CONVERSION = YES;
				CLANG_WARN_OBJC_IMPLICIT_RETAIN_SELF = YES;
				CLANG_WARN_OBJC_LITERAL_CONVERSION = YES;
				CLANG_WARN_OBJC_ROOT_CLASS = YES_ERROR;
				CLANG_WARN_QUOTED_INCLUDE_IN_FRAMEWORK_HEADER = YES;
				CLANG_WARN_RANGE_LOOP_ANALYSIS = YES;
				CLANG_WARN_STRICT_PROTOTYPES = YES;
				CLANG_WARN_SUSPICIOUS_MOVE = YES;
				CLANG_WARN_UNGUARDED_AVAILABILITY = YES_AGGRESSIVE;
				CLANG_WARN_UNREACHABLE_CODE = YES;
				CLANG_WARN__DUPLICATE_METHOD_MATCH = YES;
				COPY_PHASE_STRIP = NO;
				DEBUG_INFORMATION_FORMAT = dwarf;
				ENABLE_STRICT_OBJC_MSGSEND = YES;
				ENABLE_TESTABILITY = YES;
				ENABLE_USER_SCRIPT_SANDBOXING = YES;
				GCC_C_LANGUAGE_STANDARD = gnu17;
				GCC_DYNAMIC_NO_PIC = NO;
				GCC_NO_COMMON_BLOCKS = YES;
				GCC_OPTIMIZATION_LEVEL = 0;
				GCC_PREPROCESSOR_DEFINITIONS = (
					"DEBUG=1",
					"$(inherited)",
				);
				GCC_WARN_64_TO_32_BIT_CONVERSION = YES;
				GCC_WARN_ABOUT_RETURN_TYPE = YES_ERROR;
				GCC_WARN_UNDECLARED_SELECTOR = YES;
				GCC_WARN_UNINITIALIZED_AUTOS = YES_AGGRESSIVE;
				GCC_WARN_UNUSED_FUNCTION = YES;
				GCC_WARN_UNUSED_VARIABLE = YES;
				IPHONEOS_DEPLOYMENT_TARGET = 17.2;
				LOCALIZATION_PREFERS_STRING_CATALOGS = YES;
				MTL_ENABLE_DEBUG_INFO = INCLUDE_SOURCE;
				MTL_FAST_MATH = YES;
				ONLY_ACTIVE_ARCH = YES;
				SDKROOT = iphoneos;
				SWIFT_ACTIVE_COMPILATION_CONDITIONS = "DEBUG $(inherited)";
				SWIFT_OPTIMIZATION_LEVEL = "-Onone";
			};
			name = Debug;
		};
		AB9D22312BFBC8C1009727EA /* Release */ = {
			isa = XCBuildConfiguration;
			buildSettings = {
				ALWAYS_SEARCH_USER_PATHS = NO;
				ASSETCATALOG_COMPILER_GENERATE_SWIFT_ASSET_SYMBOL_EXTENSIONS = YES;
				CLANG_ANALYZER_NONNULL = YES;
				CLANG_ANALYZER_NUMBER_OBJECT_CONVERSION = YES_AGGRESSIVE;
				CLANG_CXX_LANGUAGE_STANDARD = "gnu++20";
				CLANG_ENABLE_MODULES = YES;
				CLANG_ENABLE_OBJC_ARC = YES;
				CLANG_ENABLE_OBJC_WEAK = YES;
				CLANG_WARN_BLOCK_CAPTURE_AUTORELEASING = YES;
				CLANG_WARN_BOOL_CONVERSION = YES;
				CLANG_WARN_COMMA = YES;
				CLANG_WARN_CONSTANT_CONVERSION = YES;
				CLANG_WARN_DEPRECATED_OBJC_IMPLEMENTATIONS = YES;
				CLANG_WARN_DIRECT_OBJC_ISA_USAGE = YES_ERROR;
				CLANG_WARN_DOCUMENTATION_COMMENTS = YES;
				CLANG_WARN_EMPTY_BODY = YES;
				CLANG_WARN_ENUM_CONVERSION = YES;
				CLANG_WARN_INFINITE_RECURSION = YES;
				CLANG_WARN_INT_CONVERSION = YES;
				CLANG_WARN_NON_LITERAL_NULL_CONVERSION = YES;
				CLANG_WARN_OBJC_IMPLICIT_RETAIN_SELF = YES;
				CLANG_WARN_OBJC_LITERAL_CONVERSION = YES;
				CLANG_WARN_OBJC_ROOT_CLASS = YES_ERROR;
				CLANG_WARN_QUOTED_INCLUDE_IN_FRAMEWORK_HEADER = YES;
				CLANG_WARN_RANGE_LOOP_ANALYSIS = YES;
				CLANG_WARN_STRICT_PROTOTYPES = YES;
				CLANG_WARN_SUSPICIOUS_MOVE = YES;
				CLANG_WARN_UNGUARDED_AVAILABILITY = YES_AGGRESSIVE;
				CLANG_WARN_UNREACHABLE_CODE = YES;
				CLANG_WARN__DUPLICATE_METHOD_MATCH = YES;
				COPY_PHASE_STRIP = NO;
				DEBUG_INFORMATION_FORMAT = "dwarf-with-dsym";
				ENABLE_NS_ASSERTIONS = NO;
				ENABLE_STRICT_OBJC_MSGSEND = YES;
				ENABLE_USER_SCRIPT_SANDBOXING = YES;
				GCC_C_LANGUAGE_STANDARD = gnu17;
				GCC_NO_COMMON_BLOCKS = YES;
				GCC_WARN_64_TO_32_BIT_CONVERSION = YES;
				GCC_WARN_ABOUT_RETURN_TYPE = YES_ERROR;
				GCC_WARN_UNDECLARED_SELECTOR = YES;
				GCC_WARN_UNINITIALIZED_AUTOS = YES_AGGRESSIVE;
				GCC_WARN_UNUSED_FUNCTION = YES;
				GCC_WARN_UNUSED_VARIABLE = YES;
				IPHONEOS_DEPLOYMENT_TARGET = 17.2;
				LOCALIZATION_PREFERS_STRING_CATALOGS = YES;
				MTL_ENABLE_DEBUG_INFO = NO;
				MTL_FAST_MATH = YES;
				SDKROOT = iphoneos;
				SWIFT_COMPILATION_MODE = wholemodule;
				VALIDATE_PRODUCT = YES;
			};
			name = Release;
		};
		AB9D22332BFBC8C1009727EA /* Debug */ = {
			isa = XCBuildConfiguration;
			buildSettings = {
				ASSETCATALOG_COMPILER_APPICON_NAME = AppIcon;
				ASSETCATALOG_COMPILER_GLOBAL_ACCENT_COLOR_NAME = AccentColor;
				CODE_SIGN_STYLE = Automatic;
				CURRENT_PROJECT_VERSION = 1;
				DEVELOPMENT_TEAM = 8QSTXVD8H9;
				GENERATE_INFOPLIST_FILE = YES;
				INFOPLIST_FILE = PhotoOrganizerSampleApp/Info.plist;
				INFOPLIST_KEY_UIApplicationSupportsIndirectInputEvents = YES;
				INFOPLIST_KEY_UILaunchStoryboardName = LaunchScreen;
				INFOPLIST_KEY_UIMainStoryboardFile = "";
				INFOPLIST_KEY_UISupportedInterfaceOrientations = UIInterfaceOrientationPortrait;
				INFOPLIST_KEY_UISupportedInterfaceOrientations_iPad = "UIInterfaceOrientationLandscapeLeft UIInterfaceOrientationLandscapeRight UIInterfaceOrientationPortrait UIInterfaceOrientationPortraitUpsideDown";
				IPHONEOS_DEPLOYMENT_TARGET = 16.0;
				LD_RUNPATH_SEARCH_PATHS = (
					"$(inherited)",
					"@executable_path/Frameworks",
				);
				MARKETING_VERSION = 1.0;
				PRODUCT_BUNDLE_IDENTIFIER = team.DAYPIC.PhotoOrganizerSampleApp;
				PRODUCT_NAME = "$(TARGET_NAME)";
				SUPPORTED_PLATFORMS = "iphoneos iphonesimulator";
				SUPPORTS_MACCATALYST = NO;
				SUPPORTS_MAC_DESIGNED_FOR_IPHONE_IPAD = NO;
				SUPPORTS_XR_DESIGNED_FOR_IPHONE_IPAD = NO;
				SWIFT_EMIT_LOC_STRINGS = YES;
				SWIFT_VERSION = 5.0;
				TARGETED_DEVICE_FAMILY = 1;
			};
			name = Debug;
		};
		AB9D22342BFBC8C1009727EA /* Release */ = {
			isa = XCBuildConfiguration;
			buildSettings = {
				ASSETCATALOG_COMPILER_APPICON_NAME = AppIcon;
				ASSETCATALOG_COMPILER_GLOBAL_ACCENT_COLOR_NAME = AccentColor;
				CODE_SIGN_STYLE = Automatic;
				CURRENT_PROJECT_VERSION = 1;
				DEVELOPMENT_TEAM = 8QSTXVD8H9;
				GENERATE_INFOPLIST_FILE = YES;
				INFOPLIST_FILE = PhotoOrganizerSampleApp/Info.plist;
				INFOPLIST_KEY_UIApplicationSupportsIndirectInputEvents = YES;
				INFOPLIST_KEY_UILaunchStoryboardName = LaunchScreen;
				INFOPLIST_KEY_UIMainStoryboardFile = "";
				INFOPLIST_KEY_UISupportedInterfaceOrientations = UIInterfaceOrientationPortrait;
				INFOPLIST_KEY_UISupportedInterfaceOrientations_iPad = "UIInterfaceOrientationLandscapeLeft UIInterfaceOrientationLandscapeRight UIInterfaceOrientationPortrait UIInterfaceOrientationPortraitUpsideDown";
				IPHONEOS_DEPLOYMENT_TARGET = 16.0;
				LD_RUNPATH_SEARCH_PATHS = (
					"$(inherited)",
					"@executable_path/Frameworks",
				);
				MARKETING_VERSION = 1.0;
				PRODUCT_BUNDLE_IDENTIFIER = team.DAYPIC.PhotoOrganizerSampleApp;
				PRODUCT_NAME = "$(TARGET_NAME)";
				SUPPORTED_PLATFORMS = "iphoneos iphonesimulator";
				SUPPORTS_MACCATALYST = NO;
				SUPPORTS_MAC_DESIGNED_FOR_IPHONE_IPAD = NO;
				SUPPORTS_XR_DESIGNED_FOR_IPHONE_IPAD = NO;
				SWIFT_EMIT_LOC_STRINGS = YES;
				SWIFT_VERSION = 5.0;
				TARGETED_DEVICE_FAMILY = 1;
			};
			name = Release;
		};
/* End XCBuildConfiguration section */

/* Begin XCConfigurationList section */
		AB9D22192BFBC8C0009727EA /* Build configuration list for PBXProject "PhotoOrganizerSampleApp" */ = {
			isa = XCConfigurationList;
			buildConfigurations = (
				AB9D22302BFBC8C1009727EA /* Debug */,
				AB9D22312BFBC8C1009727EA /* Release */,
			);
			defaultConfigurationIsVisible = 0;
			defaultConfigurationName = Release;
		};
		AB9D22322BFBC8C1009727EA /* Build configuration list for PBXNativeTarget "PhotoOrganizerSampleApp" */ = {
			isa = XCConfigurationList;
			buildConfigurations = (
				AB9D22332BFBC8C1009727EA /* Debug */,
				AB9D22342BFBC8C1009727EA /* Release */,
			);
			defaultConfigurationIsVisible = 0;
			defaultConfigurationName = Release;
		};
/* End XCConfigurationList section */

/* Begin XCLocalSwiftPackageReference section */
		AB9D22352BFBC907009727EA /* XCLocalSwiftPackageReference "../../PhotoOrganizer_iOS" */ = {
			isa = XCLocalSwiftPackageReference;
			relativePath = ../../PhotoOrganizer_iOS;
		};
/* End XCLocalSwiftPackageReference section */

/* Begin XCRemoteSwiftPackageReference section */
		AB9D223C2BFCBDF1009727EA /* XCRemoteSwiftPackageReference "DownpourRx" */ = {
			isa = XCRemoteSwiftPackageReference;
			repositoryURL = "https://github.com/DayPic/DownpourRx.git";
			requirement = {
				branch = main;
				kind = branch;
			};
		};
		AB9D223F2BFCCA7B009727EA /* XCRemoteSwiftPackageReference "SnapKit" */ = {
			isa = XCRemoteSwiftPackageReference;
			repositoryURL = "https://github.com/SnapKit/SnapKit.git";
			requirement = {
				kind = upToNextMajorVersion;
				minimumVersion = 5.7.1;
			};
		};
/* End XCRemoteSwiftPackageReference section */

/* Begin XCSwiftPackageProductDependency section */
		AB9D22362BFBC907009727EA /* PhotoOrganizer */ = {
			isa = XCSwiftPackageProductDependency;
			productName = PhotoOrganizer;
		};
		AB9D223D2BFCBDF1009727EA /* DownpourRx */ = {
			isa = XCSwiftPackageProductDependency;
			package = AB9D223C2BFCBDF1009727EA /* XCRemoteSwiftPackageReference "DownpourRx" */;
			productName = DownpourRx;
		};
		AB9D22402BFCCA7B009727EA /* SnapKit */ = {
			isa = XCSwiftPackageProductDependency;
			package = AB9D223F2BFCCA7B009727EA /* XCRemoteSwiftPackageReference "SnapKit" */;
			productName = SnapKit;
		};
/* End XCSwiftPackageProductDependency section */
	};
	rootObject = AB9D22162BFBC8C0009727EA /* Project object */;
}
